
Microsoft Visual Studio Solution File, Format Version 12.00
# Visual Studio 14
VisualStudioVersion = 14.0.23107.0
MinimumVisualStudioVersion = 10.0.40219.1
Project("{FAE04EC0-301F-11D3-BF4B-00C04F79EFBC}") = "SpellWork", "SpellWork\SpellWork.csproj", "{7D352185-33A2-4FD3-8EAA-BB95EFB6E259}"
EndProject
Project("{FAE04EC0-301F-11D3-BF4B-00C04F79EFBC}") = "DBFilesClient.NET", "DBFilesClient.NET\DBFilesClient.NET\DBFilesClient.NET.csproj", "{1DC6FA75-FB06-4395-B27A-52977F58AAEB}"
EndProject
Global
	GlobalSection(SolutionConfigurationPlatforms) = preSolution
		Debug|Any CPU = Debug|Any CPU
		Debug|x86 = Debug|x86
		Release|Any CPU = Release|Any CPU
		Release|x86 = Release|x86
	EndGlobalSection
	GlobalSection(ProjectConfigurationPlatforms) = postSolution
		{7D352185-33A2-4FD3-8EAA-BB95EFB6E259}.Debug|Any CPU.ActiveCfg = Debug|Any CPU
		{7D352185-33A2-4FD3-8EAA-BB95EFB6E259}.Debug|Any CPU.Build.0 = Debug|Any CPU
		{7D352185-33A2-4FD3-8EAA-BB95EFB6E259}.Debug|x86.ActiveCfg = Debug|Any CPU
		{7D352185-33A2-4FD3-8EAA-BB95EFB6E259}.Release|Any CPU.ActiveCfg = Release|Any CPU
		{7D352185-33A2-4FD3-8EAA-BB95EFB6E259}.Release|Any CPU.Build.0 = Release|Any CPU
		{7D352185-33A2-4FD3-8EAA-BB95EFB6E259}.Release|x86.ActiveCfg = Release|Any CPU
		{1DC6FA75-FB06-4395-B27A-52977F58AAEB}.Debug|Any CPU.ActiveCfg = Debug|Any CPU
		{1DC6FA75-FB06-4395-B27A-52977F58AAEB}.Debug|Any CPU.Build.0 = Debug|Any CPU
		{1DC6FA75-FB06-4395-B27A-52977F58AAEB}.Debug|x86.ActiveCfg = Debug|x86
		{1DC6FA75-FB06-4395-B27A-52977F58AAEB}.Debug|x86.Build.0 = Debug|x86
		{1DC6FA75-FB06-4395-B27A-52977F58AAEB}.Release|Any CPU.ActiveCfg = Release|Any CPU
		{1DC6FA75-FB06-4395-B27A-52977F58AAEB}.Release|Any CPU.Build.0 = Release|Any CPU
		{1DC6FA75-FB06-4395-B27A-52977F58AAEB}.Release|x86.ActiveCfg = Release|x86
		{1DC6FA75-FB06-4395-B27A-52977F58AAEB}.Release|x86.Build.0 = Release|x86
	EndGlobalSection
	GlobalSection(SolutionProperties) = preSolution
		HideSolutionNode = FALSE
	EndGlobalSection
EndGlobal
